# This file is generated by running "yarn install" inside your project.
# Manual changes might be lost - proceed with caution!

__metadata:
  version: 4
  cacheKey: 7

"@todo/data-access-interface@workspace:^0.0.0, @todo/data-access-interface@workspace:packages/data-access-interface":
  version: 0.0.0-use.local
  resolution: "@todo/data-access-interface@workspace:packages/data-access-interface"
  dependencies:
    "@todo/entities": "workspace:^0.0.0"
  languageName: unknown
  linkType: soft

"@todo/entities@workspace:^0.0.0, @todo/entities@workspace:packages/entities":
  version: 0.0.0-use.local
  resolution: "@todo/entities@workspace:packages/entities"
  languageName: unknown
  linkType: soft

"@todo/input-boundary@workspace:^0.0.0, @todo/input-boundary@workspace:packages/input-boundary":
  version: 0.0.0-use.local
  resolution: "@todo/input-boundary@workspace:packages/input-boundary"
  dependencies:
    "@todo/input-data": "workspace:^0.0.0"
  languageName: unknown
  linkType: soft

"@todo/input-data@workspace:^0.0.0, @todo/input-data@workspace:packages/input-data":
  version: 0.0.0-use.local
  resolution: "@todo/input-data@workspace:packages/input-data"
  languageName: unknown
  linkType: soft

"@todo/output-boundary@workspace:^0.0.0, @todo/output-boundary@workspace:packages/output-boundary":
  version: 0.0.0-use.local
  resolution: "@todo/output-boundary@workspace:packages/output-boundary"
  dependencies:
    "@todo/output-data": "workspace:^0.0.0"
  languageName: unknown
  linkType: soft

"@todo/output-data@workspace:^0.0.0, @todo/output-data@workspace:packages/output-data":
  version: 0.0.0-use.local
  resolution: "@todo/output-data@workspace:packages/output-data"
  languageName: unknown
  linkType: soft

"@todo/use-case-interactor@workspace:packages/use-case-interactor":
  version: 0.0.0-use.local
  resolution: "@todo/use-case-interactor@workspace:packages/use-case-interactor"
  dependencies:
    "@todo/data-access-interface": "workspace:^0.0.0"
    "@todo/entities": "workspace:^0.0.0"
    "@todo/input-boundary": "workspace:^0.0.0"
    "@todo/input-data": "workspace:^0.0.0"
    "@todo/output-boundary": "workspace:^0.0.0"
    "@todo/output-data": "workspace:^0.0.0"
  languageName: unknown
  linkType: soft

"todo@workspace:.":
  version: 0.0.0-use.local
  resolution: "todo@workspace:."
  dependencies:
    typescript: ^4.3.4
  languageName: unknown
  linkType: soft

typescript@^4.3.4:
  version: 4.3.4
  resolution: "typescript@npm:4.3.4"
  bin:
    tsc: bin/tsc
    tsserver: bin/tsserver
  checksum: 9791c5fe98db6cb70ec0efad8d3d2eb957b9643ee600b90bff49267de69768d0d5f59c41a8fd731cfd63df1ccfb2cb25505a2015d7b39ac10ea51f605a058e16
  languageName: node
  linkType: hard

"typescript@patch:typescript@^4.3.4#builtin<compat/typescript>":
  version: 4.3.4
  resolution: "typescript@patch:typescript@npm%3A4.3.4#builtin<compat/typescript>::version=4.3.4&hash=ddfc1b"
  bin:
    tsc: bin/tsc
    tsserver: bin/tsserver
  checksum: c8766e84a4f71e925cc059af8286cc7f41819fe821d433b90c83e9b36729cbda7a8e4be3292d8a1433cd717d529c93217d58d173418f43862290b206bd88b284
  languageName: node
  linkType: hard
